
Microsoft Visual Studio Solution File, Format Version 12.00
# Visual Studio Version 17
VisualStudioVersion = 17.13.35919.96
MinimumVisualStudioVersion = 10.0.40219.1
Project("{FAE04EC0-301F-11D3-BF4B-00C04F79EFBC}") = "acordemus", "src\acordemus.csproj", "{34500BFA-5956-B6D1-A04B-7A3250D133E8}"
EndProject
Project("{FAE04EC0-301F-11D3-BF4B-00C04F79EFBC}") = "acordemus.test", "test\acordemus.test.csproj", "{E13CBAAE-E091-4E4D-8BF8-932F9D4AEC26}"
EndProject
Global
	GlobalSection(SolutionConfigurationPlatforms) = preSolution
		Debug|Any CPU = Debug|Any CPU
		Release|Any CPU = Release|Any CPU
	EndGlobalSection
	GlobalSection(ProjectConfigurationPlatforms) = postSolution
		{34500BFA-5956-B6D1-A04B-7A3250D133E8}.Debug|Any CPU.ActiveCfg = Debug|Any CPU
		{34500BFA-5956-B6D1-A04B-7A3250D133E8}.Debug|Any CPU.Build.0 = Debug|Any CPU
		{34500BFA-5956-B6D1-A04B-7A3250D133E8}.Release|Any CPU.ActiveCfg = Release|Any CPU
		{34500BFA-5956-B6D1-A04B-7A3250D133E8}.Release|Any CPU.Build.0 = Release|Any CPU
		{E13CBAAE-E091-4E4D-8BF8-932F9D4AEC26}.Debug|Any CPU.ActiveCfg = Debug|Any CPU
		{E13CBAAE-E091-4E4D-8BF8-932F9D4AEC26}.Debug|Any CPU.Build.0 = Debug|Any CPU
		{E13CBAAE-E091-4E4D-8BF8-932F9D4AEC26}.Release|Any CPU.ActiveCfg = Release|Any CPU
		{E13CBAAE-E091-4E4D-8BF8-932F9D4AEC26}.Release|Any CPU.Build.0 = Release|Any CPU
	EndGlobalSection
	GlobalSection(SolutionProperties) = preSolution
		HideSolutionNode = FALSE
	EndGlobalSection
	GlobalSection(ExtensibilityGlobals) = postSolution
		SolutionGuid = {4896FC9D-A4C6-4ADD-A0F3-48795D21A5D5}
	EndGlobalSection
EndGlobal
